
Microsoft Visual Studio Solution File, Format Version 12.00
# Visual Studio 15
VisualStudioVersion = 15.0.26730.3
MinimumVisualStudioVersion = 10.0.40219.1
Project("{FAE04EC0-301F-11D3-BF4B-00C04F79EFBC}") = "HttpServer", "HttpServer\HttpServer.csproj", "{9C184C7F-9FD7-4B52-8038-2E98D9C5B97D}"
EndProject
Project("{E24C65DC-7377-472B-9ABA-BC803B73C61A}") = "WebChatClient", "WebChatClient\", "{B269C11D-9CBF-4196-9A02-9415E0349E2F}"
	ProjectSection(WebsiteProperties) = preProject
		TargetFrameworkMoniker = ".NETFramework,Version%3Dv4.6.1"
		Debug.AspNetCompiler.VirtualPath = "/localhost_52620"
		Debug.AspNetCompiler.PhysicalPath = "WebChatClient\"
		Debug.AspNetCompiler.TargetPath = "PrecompiledWeb\localhost_52620\"
		Debug.AspNetCompiler.Updateable = "true"
		Debug.AspNetCompiler.ForceOverwrite = "true"
		Debug.AspNetCompiler.FixedNames = "false"
		Debug.AspNetCompiler.Debug = "True"
		Release.AspNetCompiler.VirtualPath = "/localhost_52620"
		Release.AspNetCompiler.PhysicalPath = "WebChatClient\"
		Release.AspNetCompiler.TargetPath = "PrecompiledWeb\localhost_52620\"
		Release.AspNetCompiler.Updateable = "true"
		Release.AspNetCompiler.ForceOverwrite = "true"
		Release.AspNetCompiler.FixedNames = "false"
		Release.AspNetCompiler.Debug = "False"
		VWDPort = "52620"
		SlnRelativePath = "WebChatClient\"
	EndProjectSection
EndProject
Project("{FAE04EC0-301F-11D3-BF4B-00C04F79EFBC}") = "DesktopChatClient", "DesktopChatClient\DesktopChatClient.csproj", "{88F43902-4B16-49FB-B010-83CDF29CF51D}"
EndProject
Project("{FAE04EC0-301F-11D3-BF4B-00C04F79EFBC}") = "HttpChatClientA.Android", "HttpChatClientA\HttpChatClientA.Android\HttpChatClientA.Android.csproj", "{1AB13053-90B5-4B32-B269-6E97703658B6}"
EndProject
Global
	GlobalSection(SolutionConfigurationPlatforms) = preSolution
		Debug|Any CPU = Debug|Any CPU
		Release|Any CPU = Release|Any CPU
	EndGlobalSection
	GlobalSection(ProjectConfigurationPlatforms) = postSolution
		{9C184C7F-9FD7-4B52-8038-2E98D9C5B97D}.Debug|Any CPU.ActiveCfg = Debug|Any CPU
		{9C184C7F-9FD7-4B52-8038-2E98D9C5B97D}.Debug|Any CPU.Build.0 = Debug|Any CPU
		{9C184C7F-9FD7-4B52-8038-2E98D9C5B97D}.Release|Any CPU.ActiveCfg = Release|Any CPU
		{9C184C7F-9FD7-4B52-8038-2E98D9C5B97D}.Release|Any CPU.Build.0 = Release|Any CPU
		{B269C11D-9CBF-4196-9A02-9415E0349E2F}.Debug|Any CPU.ActiveCfg = Debug|Any CPU
		{B269C11D-9CBF-4196-9A02-9415E0349E2F}.Debug|Any CPU.Build.0 = Debug|Any CPU
		{B269C11D-9CBF-4196-9A02-9415E0349E2F}.Release|Any CPU.ActiveCfg = Debug|Any CPU
		{B269C11D-9CBF-4196-9A02-9415E0349E2F}.Release|Any CPU.Build.0 = Debug|Any CPU
		{88F43902-4B16-49FB-B010-83CDF29CF51D}.Debug|Any CPU.ActiveCfg = Debug|Any CPU
		{88F43902-4B16-49FB-B010-83CDF29CF51D}.Debug|Any CPU.Build.0 = Debug|Any CPU
		{88F43902-4B16-49FB-B010-83CDF29CF51D}.Release|Any CPU.ActiveCfg = Release|Any CPU
		{88F43902-4B16-49FB-B010-83CDF29CF51D}.Release|Any CPU.Build.0 = Release|Any CPU
		{1AB13053-90B5-4B32-B269-6E97703658B6}.Debug|Any CPU.ActiveCfg = Debug|Any CPU
		{1AB13053-90B5-4B32-B269-6E97703658B6}.Debug|Any CPU.Build.0 = Debug|Any CPU
		{1AB13053-90B5-4B32-B269-6E97703658B6}.Debug|Any CPU.Deploy.0 = Debug|Any CPU
		{1AB13053-90B5-4B32-B269-6E97703658B6}.Release|Any CPU.ActiveCfg = Release|Any CPU
		{1AB13053-90B5-4B32-B269-6E97703658B6}.Release|Any CPU.Build.0 = Release|Any CPU
		{1AB13053-90B5-4B32-B269-6E97703658B6}.Release|Any CPU.Deploy.0 = Release|Any CPU
	EndGlobalSection
	GlobalSection(SolutionProperties) = preSolution
		HideSolutionNode = FALSE
	EndGlobalSection
	GlobalSection(ExtensibilityGlobals) = postSolution
		SolutionGuid = {A10EE432-E06E-4592-8C4B-A32EAA00F486}
	EndGlobalSection
EndGlobal
